
Microsoft Visual Studio Solution File, Format Version 12.00
# Visual Studio Version 16
VisualStudioVersion = 16.0.28803.202
MinimumVisualStudioVersion = 10.0.40219.1
Project("{FAE04EC0-301F-11D3-BF4B-00C04F79EFBC}") = "RentAMovie", "RentAMovie\RentAMovie.csproj", "{167B6326-050A-48D6-8D83-CAFD6E457AFB}"
EndProject
Global
	GlobalSection(SolutionConfigurationPlatforms) = preSolution
		Debug|Any CPU = Debug|Any CPU
		Release|Any CPU = Release|Any CPU
	EndGlobalSection
	GlobalSection(ProjectConfigurationPlatforms) = postSolution
		{167B6326-050A-48D6-8D83-CAFD6E457AFB}.Debug|Any CPU.ActiveCfg = Debug|Any CPU
		{167B6326-050A-48D6-8D83-CAFD6E457AFB}.Debug|Any CPU.Build.0 = Debug|Any CPU
		{167B6326-050A-48D6-8D83-CAFD6E457AFB}.Release|Any CPU.ActiveCfg = Release|Any CPU
		{167B6326-050A-48D6-8D83-CAFD6E457AFB}.Release|Any CPU.Build.0 = Release|Any CPU
	EndGlobalSection
	GlobalSection(SolutionProperties) = preSolution
		HideSolutionNode = FALSE
	EndGlobalSection
	GlobalSection(ExtensibilityGlobals) = postSolution
		SolutionGuid = {CD78713C-D571-4EC4-BDF4-4519372CE4D7}
	EndGlobalSection
EndGlobal
